
Microsoft Visual Studio Solution File, Format Version 12.00
# Visual Studio Version 17
VisualStudioVersion = 17.4.32912.340
MinimumVisualStudioVersion = 10.0.40219.1
Project("{FAE04EC0-301F-11D3-BF4B-00C04F79EFBC}") = "StudentService", "StudentService\StudentService.csproj", "{C840403E-D9F4-494F-910F-B591503C2438}"
EndProject
Project("{FAE04EC0-301F-11D3-BF4B-00C04F79EFBC}") = "TeacherService", "TeacherService\TeacherService.csproj", "{1908EA49-AA8E-4F4F-8C7E-C1B5B69F229B}"
EndProject
Project("{FAE04EC0-301F-11D3-BF4B-00C04F79EFBC}") = "OcelotGateway", "OcelotGateway\OcelotGateway.csproj", "{EF1E5DAE-5768-4BFF-B4DA-F5F6944B7B75}"
EndProject
Global
	GlobalSection(SolutionConfigurationPlatforms) = preSolution
		Debug|Any CPU = Debug|Any CPU
		Release|Any CPU = Release|Any CPU
	EndGlobalSection
	GlobalSection(ProjectConfigurationPlatforms) = postSolution
		{C840403E-D9F4-494F-910F-B591503C2438}.Debug|Any CPU.ActiveCfg = Debug|Any CPU
		{C840403E-D9F4-494F-910F-B591503C2438}.Debug|Any CPU.Build.0 = Debug|Any CPU
		{C840403E-D9F4-494F-910F-B591503C2438}.Release|Any CPU.ActiveCfg = Release|Any CPU
		{C840403E-D9F4-494F-910F-B591503C2438}.Release|Any CPU.Build.0 = Release|Any CPU
		{1908EA49-AA8E-4F4F-8C7E-C1B5B69F229B}.Debug|Any CPU.ActiveCfg = Debug|Any CPU
		{1908EA49-AA8E-4F4F-8C7E-C1B5B69F229B}.Debug|Any CPU.Build.0 = Debug|Any CPU
		{1908EA49-AA8E-4F4F-8C7E-C1B5B69F229B}.Release|Any CPU.ActiveCfg = Release|Any CPU
		{1908EA49-AA8E-4F4F-8C7E-C1B5B69F229B}.Release|Any CPU.Build.0 = Release|Any CPU
		{EF1E5DAE-5768-4BFF-B4DA-F5F6944B7B75}.Debug|Any CPU.ActiveCfg = Debug|Any CPU
		{EF1E5DAE-5768-4BFF-B4DA-F5F6944B7B75}.Debug|Any CPU.Build.0 = Debug|Any CPU
		{EF1E5DAE-5768-4BFF-B4DA-F5F6944B7B75}.Release|Any CPU.ActiveCfg = Release|Any CPU
		{EF1E5DAE-5768-4BFF-B4DA-F5F6944B7B75}.Release|Any CPU.Build.0 = Release|Any CPU
	EndGlobalSection
	GlobalSection(SolutionProperties) = preSolution
		HideSolutionNode = FALSE
	EndGlobalSection
	GlobalSection(ExtensibilityGlobals) = postSolution
		SolutionGuid = {A3AF7028-2810-40B0-B6EF-0E9441F3CABD}
	EndGlobalSection
EndGlobal
